
Microsoft Visual Studio Solution File, Format Version 12.00
# Visual Studio 15
VisualStudioVersion = 15.0.28010.2026
MinimumVisualStudioVersion = 10.0.40219.1
Project("{2150E333-8FDC-42A3-9474-1A3956D46DE8}") = "Solution Items", "Solution Items", "{B7A077E0-1D63-455F-89C7-2B3CA3C3E100}"
	ProjectSection(SolutionItems) = preProject
		.gitignore = .gitignore
		docker-compose.yml = docker-compose.yml
		LICENSE = LICENSE
		README.md = README.md
	EndProjectSection
EndProject
Project("{9A19103F-16F7-4668-BE54-9A1E7A4F7556}") = "MicroservicesOnDocker", "MicroservicesOnDocker\MicroservicesOnDocker.csproj", "{77C00C74-2E25-4FA0-88A2-4815AD60B071}"
EndProject
Project("{9A19103F-16F7-4668-BE54-9A1E7A4F7556}") = "MicroservicesOnDocker.School.Api", "MicroservicesOnDocker.School.Api\MicroservicesOnDocker.School.Api.csproj", "{CAA352CB-E0BD-4C7F-90AC-0DF99D3096A1}"
EndProject
Project("{9A19103F-16F7-4668-BE54-9A1E7A4F7556}") = "MicroservicesOnDocker.Income.Api", "MicroservicesOnDocker.Income.Api\MicroservicesOnDocker.Income.Api.csproj", "{D9741F10-DD55-479E-8B11-F4DACD81ACD6}"
EndProject
Project("{FAE04EC0-301F-11D3-BF4B-00C04F79EFBC}") = "MicroservicesOnDocker.Infrastructure", "MicroservicesOnDocker.Infrastructure\MicroservicesOnDocker.Infrastructure.csproj", "{AB7EC69F-7DBC-49FC-8F93-0D2796E8972A}"
EndProject
Project("{E24C65DC-7377-472B-9ABA-BC803B73C61A}") = "MicroservicesOnDocker.UI", "MicroservicesOnDocker.UI\", "{3EB6AD9F-3D9C-4D2C-8B4A-856D3AE318F9}"
	ProjectSection(WebsiteProperties) = preProject
		TargetFrameworkMoniker = ".NETFramework,Version%3Dv4.0"
		Debug.AspNetCompiler.VirtualPath = "/localhost_57859"
		Debug.AspNetCompiler.PhysicalPath = "MicroservicesOnDocker.UI\"
		Debug.AspNetCompiler.TargetPath = "PrecompiledWeb\localhost_57859\"
		Debug.AspNetCompiler.Updateable = "true"
		Debug.AspNetCompiler.ForceOverwrite = "true"
		Debug.AspNetCompiler.FixedNames = "false"
		Debug.AspNetCompiler.Debug = "True"
		Release.AspNetCompiler.VirtualPath = "/localhost_57859"
		Release.AspNetCompiler.PhysicalPath = "MicroservicesOnDocker.UI\"
		Release.AspNetCompiler.TargetPath = "PrecompiledWeb\localhost_57859\"
		Release.AspNetCompiler.Updateable = "true"
		Release.AspNetCompiler.ForceOverwrite = "true"
		Release.AspNetCompiler.FixedNames = "false"
		Release.AspNetCompiler.Debug = "False"
		VWDPort = "57859"
		SlnRelativePath = "MicroservicesOnDocker.UI\"
	EndProjectSection
EndProject
Project("{FAE04EC0-301F-11D3-BF4B-00C04F79EFBC}") = "MicroservicesOnDocker.ApiGateway", "MicroservicesOnDocker.ApiGateway\MicroservicesOnDocker.ApiGateway.csproj", "{B38B94B8-9D08-4128-BC70-AAAF04E8727B}"
EndProject
Global
	GlobalSection(SolutionConfigurationPlatforms) = preSolution
		Debug|Any CPU = Debug|Any CPU
		Release|Any CPU = Release|Any CPU
	EndGlobalSection
	GlobalSection(ProjectConfigurationPlatforms) = postSolution
		{77C00C74-2E25-4FA0-88A2-4815AD60B071}.Debug|Any CPU.ActiveCfg = Debug|Any CPU
		{77C00C74-2E25-4FA0-88A2-4815AD60B071}.Debug|Any CPU.Build.0 = Debug|Any CPU
		{77C00C74-2E25-4FA0-88A2-4815AD60B071}.Release|Any CPU.ActiveCfg = Release|Any CPU
		{77C00C74-2E25-4FA0-88A2-4815AD60B071}.Release|Any CPU.Build.0 = Release|Any CPU
		{CAA352CB-E0BD-4C7F-90AC-0DF99D3096A1}.Debug|Any CPU.ActiveCfg = Debug|Any CPU
		{CAA352CB-E0BD-4C7F-90AC-0DF99D3096A1}.Debug|Any CPU.Build.0 = Debug|Any CPU
		{CAA352CB-E0BD-4C7F-90AC-0DF99D3096A1}.Release|Any CPU.ActiveCfg = Release|Any CPU
		{CAA352CB-E0BD-4C7F-90AC-0DF99D3096A1}.Release|Any CPU.Build.0 = Release|Any CPU
		{D9741F10-DD55-479E-8B11-F4DACD81ACD6}.Debug|Any CPU.ActiveCfg = Debug|Any CPU
		{D9741F10-DD55-479E-8B11-F4DACD81ACD6}.Debug|Any CPU.Build.0 = Debug|Any CPU
		{D9741F10-DD55-479E-8B11-F4DACD81ACD6}.Release|Any CPU.ActiveCfg = Release|Any CPU
		{D9741F10-DD55-479E-8B11-F4DACD81ACD6}.Release|Any CPU.Build.0 = Release|Any CPU
		{AB7EC69F-7DBC-49FC-8F93-0D2796E8972A}.Debug|Any CPU.ActiveCfg = Debug|Any CPU
		{AB7EC69F-7DBC-49FC-8F93-0D2796E8972A}.Debug|Any CPU.Build.0 = Debug|Any CPU
		{AB7EC69F-7DBC-49FC-8F93-0D2796E8972A}.Release|Any CPU.ActiveCfg = Release|Any CPU
		{AB7EC69F-7DBC-49FC-8F93-0D2796E8972A}.Release|Any CPU.Build.0 = Release|Any CPU
		{3EB6AD9F-3D9C-4D2C-8B4A-856D3AE318F9}.Debug|Any CPU.ActiveCfg = Debug|Any CPU
		{3EB6AD9F-3D9C-4D2C-8B4A-856D3AE318F9}.Debug|Any CPU.Build.0 = Debug|Any CPU
		{3EB6AD9F-3D9C-4D2C-8B4A-856D3AE318F9}.Release|Any CPU.ActiveCfg = Debug|Any CPU
		{3EB6AD9F-3D9C-4D2C-8B4A-856D3AE318F9}.Release|Any CPU.Build.0 = Debug|Any CPU
		{B38B94B8-9D08-4128-BC70-AAAF04E8727B}.Debug|Any CPU.ActiveCfg = Debug|Any CPU
		{B38B94B8-9D08-4128-BC70-AAAF04E8727B}.Debug|Any CPU.Build.0 = Debug|Any CPU
		{B38B94B8-9D08-4128-BC70-AAAF04E8727B}.Release|Any CPU.ActiveCfg = Release|Any CPU
		{B38B94B8-9D08-4128-BC70-AAAF04E8727B}.Release|Any CPU.Build.0 = Release|Any CPU
	EndGlobalSection
	GlobalSection(SolutionProperties) = preSolution
		HideSolutionNode = FALSE
	EndGlobalSection
	GlobalSection(ExtensibilityGlobals) = postSolution
		SolutionGuid = {AEACB2CC-6114-4C33-9D6F-133F72D9DCAB}
	EndGlobalSection
EndGlobal
